
Microsoft Visual Studio Solution File, Format Version 12.00
# Visual Studio 15
VisualStudioVersion = 15.0.26228.9
MinimumVisualStudioVersion = 10.0.40219.1
Project("{2150E333-8FDC-42A3-9474-1A3956D46DE8}") = "src", "src", "{9939AC80-80EC-40DA-AA89-842A3799EB34}"
EndProject
Project("{2150E333-8FDC-42A3-9474-1A3956D46DE8}") = "Solution Items", "Solution Items", "{3222C7A6-1BCF-449E-82E1-96A207F1EC45}"
EndProject
Project("{9A19103F-16F7-4668-BE54-9A1E7A4F7556}") = "SSHConnectCore", "src\SSHConnectCore\SSHConnectCore.csproj", "{00910D5E-D4BE-4642-BEBE-4007177E2428}"
EndProject
Global
	GlobalSection(SolutionConfigurationPlatforms) = preSolution
		Debug|Any CPU = Debug|Any CPU
		Release|Any CPU = Release|Any CPU
	EndGlobalSection
	GlobalSection(ProjectConfigurationPlatforms) = postSolution
		{00910D5E-D4BE-4642-BEBE-4007177E2428}.Debug|Any CPU.ActiveCfg = Debug|Any CPU
		{00910D5E-D4BE-4642-BEBE-4007177E2428}.Debug|Any CPU.Build.0 = Debug|Any CPU
		{00910D5E-D4BE-4642-BEBE-4007177E2428}.Release|Any CPU.ActiveCfg = Release|Any CPU
		{00910D5E-D4BE-4642-BEBE-4007177E2428}.Release|Any CPU.Build.0 = Release|Any CPU
	EndGlobalSection
	GlobalSection(SolutionProperties) = preSolution
		HideSolutionNode = FALSE
	EndGlobalSection
	GlobalSection(NestedProjects) = preSolution
		{00910D5E-D4BE-4642-BEBE-4007177E2428} = {9939AC80-80EC-40DA-AA89-842A3799EB34}
	EndGlobalSection
EndGlobal
